
Microsoft Visual Studio Solution File, Format Version 12.00
# Visual Studio Version 17
VisualStudioVersion = 17.14.36408.4 d17.14
MinimumVisualStudioVersion = 10.0.40219.1
Project("{FAE04EC0-301F-11D3-BF4B-00C04F79EFBC}") = "BasiQPLL", "BasiQPLL\BasiQPLL.csproj", "{57DC9DAA-9C83-4EB6-892F-14FA8387C6D1}"
EndProject
Project("{FAE04EC0-301F-11D3-BF4B-00C04F79EFBC}") = "BasiQBLL", "BasiQBLL\BasiQBLL.csproj", "{501B71F6-AF77-4600-805B-3DA5B5B5EF37}"
EndProject
Project("{FAE04EC0-301F-11D3-BF4B-00C04F79EFBC}") = "BasiQDAL", "BasiQDAL\BasiQDAL.csproj", "{0D62AAEE-3B95-4DE2-A43A-4E9D6CA67457}"
EndProject
Global
	GlobalSection(SolutionConfigurationPlatforms) = preSolution
		Debug|Any CPU = Debug|Any CPU
		Release|Any CPU = Release|Any CPU
	EndGlobalSection
	GlobalSection(ProjectConfigurationPlatforms) = postSolution
		{57DC9DAA-9C83-4EB6-892F-14FA8387C6D1}.Debug|Any CPU.ActiveCfg = Debug|Any CPU
		{57DC9DAA-9C83-4EB6-892F-14FA8387C6D1}.Debug|Any CPU.Build.0 = Debug|Any CPU
		{57DC9DAA-9C83-4EB6-892F-14FA8387C6D1}.Release|Any CPU.ActiveCfg = Release|Any CPU
		{57DC9DAA-9C83-4EB6-892F-14FA8387C6D1}.Release|Any CPU.Build.0 = Release|Any CPU
		{501B71F6-AF77-4600-805B-3DA5B5B5EF37}.Debug|Any CPU.ActiveCfg = Debug|Any CPU
		{501B71F6-AF77-4600-805B-3DA5B5B5EF37}.Debug|Any CPU.Build.0 = Debug|Any CPU
		{501B71F6-AF77-4600-805B-3DA5B5B5EF37}.Release|Any CPU.ActiveCfg = Release|Any CPU
		{501B71F6-AF77-4600-805B-3DA5B5B5EF37}.Release|Any CPU.Build.0 = Release|Any CPU
		{0D62AAEE-3B95-4DE2-A43A-4E9D6CA67457}.Debug|Any CPU.ActiveCfg = Debug|Any CPU
		{0D62AAEE-3B95-4DE2-A43A-4E9D6CA67457}.Debug|Any CPU.Build.0 = Debug|Any CPU
		{0D62AAEE-3B95-4DE2-A43A-4E9D6CA67457}.Release|Any CPU.ActiveCfg = Release|Any CPU
		{0D62AAEE-3B95-4DE2-A43A-4E9D6CA67457}.Release|Any CPU.Build.0 = Release|Any CPU
	EndGlobalSection
	GlobalSection(SolutionProperties) = preSolution
		HideSolutionNode = FALSE
	EndGlobalSection
	GlobalSection(ExtensibilityGlobals) = postSolution
		SolutionGuid = {091C0BA4-83D0-477D-A451-5B39161C28D2}
	EndGlobalSection
EndGlobal
